# This file is automatically @generated by Cargo.
# It is not intended for manual editing.
version = 3

[[package]]
name = "cortex-a"
version = "5.1.5"
source = "registry+https://github.com/rust-lang/crates.io-index"
checksum = "033d14fe9f2c7e6f20258f85c250f4cdc2669ae44ff74aa14243271378f3268a"
dependencies = [
 "register",
]

[[package]]
name = "dtb"
version = "0.2.0"
source = "registry+https://github.com/rust-lang/crates.io-index"
checksum = "be6c6e1672a044abd9652045ba11beb1c7fbec7e5262dcba54795e82aa577971"

[[package]]
name = "qemu-exit"
version = "2.0.0"
source = "registry+https://github.com/rust-lang/crates.io-index"
checksum = "e179da212ad772061d4120ad2a86a019f929362a477582d8c8014dbf7509cd83"

[[package]]
name = "register"
version = "1.0.2"
source = "registry+https://github.com/rust-lang/crates.io-index"
checksum = "f4a247de29ab7cc8f5006cfe775c4a81c704f9914c5e2a79696862e643135433"
dependencies = [
 "tock-registers",
]

[[package]]
name = "stellaros"
version = "0.1.0"
dependencies = [
 "cortex-a",
 "dtb",
 "qemu-exit",
 "register",
 "tock-registers",
]

[[package]]
name = "tock-registers"
version = "0.6.0"
source = "git+https://github.com/Cryptjar/tock.git?branch=fix-const-fn-feature#4f4c14cc1585b20f9baa648f8c8b148b869f6835"
