# This file is automatically @generated by Cargo.
# It is not intended for manual editing.
version = 3

[[package]]
name = "bitflags"
version = "1.2.1"
source = "registry+https://github.com/rust-lang/crates.io-index"
checksum = "cf1de2fe8c75bc145a2f577add951f8134889b4795d47466a54a5c846d691693"

[[package]]
name = "cfg-if"
version = "1.0.0"
source = "registry+https://github.com/rust-lang/crates.io-index"
checksum = "baf1de4339761588bc0619e3cbc0120ee582ebb74b53b4efbf79117bd2da40fd"

[[package]]
name = "cortex-a"
version = "5.1.6"
source = "registry+https://github.com/rust-lang/crates.io-index"
checksum = "ecefc30975eb87afc5a810d4b2305c0ec29e607ea97e51b2ecd80766e9268d28"
dependencies = [
 "register",
]

[[package]]
name = "dtb"
version = "0.2.0"
source = "registry+https://github.com/rust-lang/crates.io-index"
checksum = "be6c6e1672a044abd9652045ba11beb1c7fbec7e5262dcba54795e82aa577971"

[[package]]
name = "elfloader"
version = "0.11.0"
source = "registry+https://github.com/rust-lang/crates.io-index"
checksum = "b1141ae551b4194b249eeb539943332f95ffed8eccc1245afe984bf9d8b7a192"
dependencies = [
 "bitflags",
 "log",
 "xmas-elf",
]

[[package]]
name = "log"
version = "0.4.14"
source = "registry+https://github.com/rust-lang/crates.io-index"
checksum = "51b9bbe6c47d51fc3e1a9b945965946b4c44142ab8792c50835a980d362c2710"
dependencies = [
 "cfg-if",
]

[[package]]
name = "qemu-exit"
version = "2.0.0"
source = "registry+https://github.com/rust-lang/crates.io-index"
checksum = "e179da212ad772061d4120ad2a86a019f929362a477582d8c8014dbf7509cd83"

[[package]]
name = "register"
version = "1.0.2"
source = "registry+https://github.com/rust-lang/crates.io-index"
checksum = "f4a247de29ab7cc8f5006cfe775c4a81c704f9914c5e2a79696862e643135433"
dependencies = [
 "tock-registers",
]

[[package]]
name = "stellaros"
version = "0.1.0"
dependencies = [
 "cortex-a",
 "dtb",
 "qemu-exit",
 "register",
 "tock-registers",
]

[[package]]
name = "stellaros-bigbang"
version = "0.1.0"
dependencies = [
 "cortex-a",
 "elfloader",
 "qemu-exit",
 "register",
 "stellaros",
]

[[package]]
name = "tock-registers"
version = "0.6.0"
source = "git+https://github.com/Cryptjar/tock.git?branch=fix-const-fn-feature#4f4c14cc1585b20f9baa648f8c8b148b869f6835"

[[package]]
name = "xmas-elf"
version = "0.7.0"
source = "registry+https://github.com/rust-lang/crates.io-index"
checksum = "e74de9a366f6ab8c405fa6b371d9ac24943921fa14b3d64afcb202065c405f11"
dependencies = [
 "zero",
]

[[package]]
name = "zero"
version = "0.1.2"
source = "registry+https://github.com/rust-lang/crates.io-index"
checksum = "5f1bc8a6b2005884962297587045002d8cfb8dcec9db332f4ca216ddc5de82c5"
